
Microsoft Visual Studio Solution File, Format Version 12.00
# Visual Studio Version 16
VisualStudioVersion = 16.0.32228.343
MinimumVisualStudioVersion = 10.0.40219.1
Project("{8BC9CEB8-8B4A-11D0-8D11-00A0C91BC942}") = "nested_mc_gpu", "nested_mc_gpu.vcxproj", "{250E005D-3499-4EB6-9665-A120C067734C}"
EndProject
Global
	GlobalSection(SolutionConfigurationPlatforms) = preSolution
		Debug|x64 = Debug|x64
		Release|x64 = Release|x64
	EndGlobalSection
	GlobalSection(ProjectConfigurationPlatforms) = postSolution
		{250E005D-3499-4EB6-9665-A120C067734C}.Debug|x64.ActiveCfg = Debug|x64
		{250E005D-3499-4EB6-9665-A120C067734C}.Debug|x64.Build.0 = Debug|x64
		{250E005D-3499-4EB6-9665-A120C067734C}.Release|x64.ActiveCfg = Release|x64
		{250E005D-3499-4EB6-9665-A120C067734C}.Release|x64.Build.0 = Release|x64
	EndGlobalSection
	GlobalSection(SolutionProperties) = preSolution
		HideSolutionNode = FALSE
	EndGlobalSection
	GlobalSection(ExtensibilityGlobals) = postSolution
		SolutionGuid = {7D7E56A4-B0C0-4DD3-9BBD-46288800D7EB}
	EndGlobalSection
EndGlobal
